
Microsoft Visual Studio Solution File, Format Version 12.00
# Visual Studio Version 17
VisualStudioVersion = 17.1.32210.238
MinimumVisualStudioVersion = 10.0.40219.1
Project("{FAE04EC0-301F-11D3-BF4B-00C04F79EFBC}") = "CashMachine", "CashMachine\CashMachine.csproj", "{853E7C78-E6A8-42A1-8673-C0AAB53E632A}"
EndProject
Project("{FAE04EC0-301F-11D3-BF4B-00C04F79EFBC}") = "CashMachine.Tests", "CashMachine.Tests\CashMachine.Tests.csproj", "{50B52C93-A379-4931-B937-F54E000A5C38}"
EndProject
Global
	GlobalSection(SolutionConfigurationPlatforms) = preSolution
		Debug|Any CPU = Debug|Any CPU
		Release|Any CPU = Release|Any CPU
	EndGlobalSection
	GlobalSection(ProjectConfigurationPlatforms) = postSolution
		{853E7C78-E6A8-42A1-8673-C0AAB53E632A}.Debug|Any CPU.ActiveCfg = Debug|Any CPU
		{853E7C78-E6A8-42A1-8673-C0AAB53E632A}.Debug|Any CPU.Build.0 = Debug|Any CPU
		{853E7C78-E6A8-42A1-8673-C0AAB53E632A}.Release|Any CPU.ActiveCfg = Release|Any CPU
		{853E7C78-E6A8-42A1-8673-C0AAB53E632A}.Release|Any CPU.Build.0 = Release|Any CPU
		{50B52C93-A379-4931-B937-F54E000A5C38}.Debug|Any CPU.ActiveCfg = Debug|Any CPU
		{50B52C93-A379-4931-B937-F54E000A5C38}.Debug|Any CPU.Build.0 = Debug|Any CPU
		{50B52C93-A379-4931-B937-F54E000A5C38}.Release|Any CPU.ActiveCfg = Release|Any CPU
		{50B52C93-A379-4931-B937-F54E000A5C38}.Release|Any CPU.Build.0 = Release|Any CPU
	EndGlobalSection
	GlobalSection(SolutionProperties) = preSolution
		HideSolutionNode = FALSE
	EndGlobalSection
	GlobalSection(ExtensibilityGlobals) = postSolution
		SolutionGuid = {F638C71C-656E-4D13-BB37-D1A9B9EB9079}
	EndGlobalSection
EndGlobal
